
Microsoft Visual Studio Solution File, Format Version 12.00
# Visual Studio Version 17
VisualStudioVersion = 17.6.33829.357
MinimumVisualStudioVersion = 10.0.40219.1
Project("{2150E333-8FDC-42A3-9474-1A3956D46DE8}") = "src", "src", "{25D766C8-4B5A-4948-AF54-B357F4F6B0F3}"
EndProject
Project("{2150E333-8FDC-42A3-9474-1A3956D46DE8}") = "API", "API", "{8199B433-DAA8-4E19-AC00-B3F5A6758468}"
EndProject
Project("{2150E333-8FDC-42A3-9474-1A3956D46DE8}") = "Core", "Core", "{E0ABE9A3-CEF8-46C1-B97E-0B2316A1284C}"
EndProject
Project("{2150E333-8FDC-42A3-9474-1A3956D46DE8}") = "Infrastructure", "Infrastructure", "{3C489C30-D2DC-4419-AFB7-818C48B18BA8}"
EndProject
Project("{2150E333-8FDC-42A3-9474-1A3956D46DE8}") = "UI", "UI", "{8E125FE5-ACCB-4213-9E81-E1F96133ABD1}"
EndProject
Project("{2150E333-8FDC-42A3-9474-1A3956D46DE8}") = "test", "test", "{08702B4D-2CB6-44C6-8242-22A556B83C91}"
EndProject
Project("{FAE04EC0-301F-11D3-BF4B-00C04F79EFBC}") = "HR.LeaveManagement.Domain", "HR.LeaveManagement.Domain\HR.LeaveManagement.Domain.csproj", "{E9B9BA5A-FC0B-40F9-BE9D-CA93F966BAC2}"
EndProject
Global
	GlobalSection(SolutionConfigurationPlatforms) = preSolution
		Debug|Any CPU = Debug|Any CPU
		Release|Any CPU = Release|Any CPU
	EndGlobalSection
	GlobalSection(ProjectConfigurationPlatforms) = postSolution
		{E9B9BA5A-FC0B-40F9-BE9D-CA93F966BAC2}.Debug|Any CPU.ActiveCfg = Debug|Any CPU
		{E9B9BA5A-FC0B-40F9-BE9D-CA93F966BAC2}.Debug|Any CPU.Build.0 = Debug|Any CPU
		{E9B9BA5A-FC0B-40F9-BE9D-CA93F966BAC2}.Release|Any CPU.ActiveCfg = Release|Any CPU
		{E9B9BA5A-FC0B-40F9-BE9D-CA93F966BAC2}.Release|Any CPU.Build.0 = Release|Any CPU
	EndGlobalSection
	GlobalSection(SolutionProperties) = preSolution
		HideSolutionNode = FALSE
	EndGlobalSection
	GlobalSection(NestedProjects) = preSolution
		{8199B433-DAA8-4E19-AC00-B3F5A6758468} = {25D766C8-4B5A-4948-AF54-B357F4F6B0F3}
		{E0ABE9A3-CEF8-46C1-B97E-0B2316A1284C} = {25D766C8-4B5A-4948-AF54-B357F4F6B0F3}
		{3C489C30-D2DC-4419-AFB7-818C48B18BA8} = {25D766C8-4B5A-4948-AF54-B357F4F6B0F3}
		{8E125FE5-ACCB-4213-9E81-E1F96133ABD1} = {25D766C8-4B5A-4948-AF54-B357F4F6B0F3}
		{E9B9BA5A-FC0B-40F9-BE9D-CA93F966BAC2} = {E0ABE9A3-CEF8-46C1-B97E-0B2316A1284C}
	EndGlobalSection
	GlobalSection(ExtensibilityGlobals) = postSolution
		SolutionGuid = {2440EDBF-2664-4A82-A4B1-005AAEB5C173}
	EndGlobalSection
EndGlobal
